PODS:
  - Flutter (1.0.0)
  - flutter_meta_share (0.0.1):
    - Flutter
  - path_provider_ios (0.0.1):
    - Flutter
  - share (0.0.1):
    - Flutter
  - video_player_avfoundation (0.0.1):
    - Flutter

DEPENDENCIES:
  - Flutter (from `Flutter`)
  - flutter_meta_share (from `.symlinks/plugins/flutter_meta_share/ios`)
  - path_provider_ios (from `.symlinks/plugins/path_provider_ios/ios`)
  - share (from `.symlinks/plugins/share/ios`)
  - video_player_avfoundation (from `.symlinks/plugins/video_player_avfoundation/ios`)

EXTERNAL SOURCES:
  Flutter:
    :path: Flutter
  flutter_meta_share:
    :path: ".symlinks/plugins/flutter_meta_share/ios"
  path_provider_ios:
    :path: ".symlinks/plugins/path_provider_ios/ios"
  share:
    :path: ".symlinks/plugins/share/ios"
  video_player_avfoundation:
    :path: ".symlinks/plugins/video_player_avfoundation/ios"

SPEC CHECKSUMS:
  Flutter: 50d75fe2f02b26cc09d224853bb45737f8b3214a
  flutter_meta_share: ac2f5a3ef7ccf04cc9eb508f0702ee7816d88194
  path_provider_ios: 14f3d2fd28c4fdb42f44e0f751d12861c43cee02
  share: 0b2c3e82132f5888bccca3351c504d0003b3b410
  video_player_avfoundation: e489aac24ef5cf7af82702979ed16f2a5ef84cff

PODFILE CHECKSUM: fe0e1ee7f3d1f7d00b11b474b62dd62134535aea

COCOAPODS: 1.11.2
